
Microsoft Visual Studio Solution File, Format Version 12.00
# Visual Studio Version 17
VisualStudioVersion = 17.3.32929.385
MinimumVisualStudioVersion = 10.0.40219.1
Project("{9A19103F-16F7-4668-BE54-9A1E7A4F7556}") = "Com.RePower.Ocv.WpfBase", "Com.RePower.Ocv.WpfBase\Com.RePower.Ocv.WpfBase.csproj", "{79097497-94A7-4ABD-8501-7C02960588FA}"
EndProject
Project("{9A19103F-16F7-4668-BE54-9A1E7A4F7556}") = "Com.RePower.Ocv.Model", "Com.RePower.Ocv.Model\Com.RePower.Ocv.Model.csproj", "{E05BB9F7-624A-415B-9A0F-D3DB9F82103A}"
EndProject
Project("{9A19103F-16F7-4668-BE54-9A1E7A4F7556}") = "Com.RePower.Ocv.Controller", "Com.RePower.Ocv.Controller\Com.RePower.Ocv.Controller.csproj", "{F15892D3-3FB7-4E30-8A77-242130BFB262}"
EndProject
Project("{9A19103F-16F7-4668-BE54-9A1E7A4F7556}") = "Com.RePower.Ocv.Test", "Com.RePower.Ocv.Test\Com.RePower.Ocv.Test.csproj", "{A1AE85FF-6F11-47D1-A32E-45B8A08568EB}"
EndProject
Project("{2150E333-8FDC-42A3-9474-1A3956D46DE8}") = "Devices", "Devices", "{D2344D39-50A9-4723-9B04-6B7E052FCA9B}"
EndProject
Project("{2150E333-8FDC-42A3-9474-1A3956D46DE8}") = "Projects", "Projects", "{D1BF4C82-517C-4875-968A-17870F37CDE3}"
EndProject
Project("{2150E333-8FDC-42A3-9474-1A3956D46DE8}") = "Uis", "Uis", "{1E60EEA3-AF3D-4B3C-9D10-74CF33BFB79D}"
EndProject
Project("{9A19103F-16F7-4668-BE54-9A1E7A4F7556}") = "Com.RePower.Device.Plc", "Devices\Com.RePower.Device.Plc\Com.RePower.Device.Plc.csproj", "{0263BBFE-F918-4FD1-B461-C57DCAE96F08}"
EndProject
Project("{9A19103F-16F7-4668-BE54-9A1E7A4F7556}") = "Com.RePower.DeviceBase", "Devices\Com.RePower.DeviceBase\Com.RePower.DeviceBase.csproj", "{F0EF33C7-ADA9-4B74-91A3-CE155F61FD6B}"
EndProject
Project("{9A19103F-16F7-4668-BE54-9A1E7A4F7556}") = "Com.RePower.Ocv.Project", "Projects\Com.RePower.Ocv.Project\Com.RePower.Ocv.Project.csproj", "{756068E8-A58D-4F59-B423-2AB6F30F2E4B}"
EndProject
Project("{9A19103F-16F7-4668-BE54-9A1E7A4F7556}") = "Com.RePower.Ocv.Project.WuWei", "Projects\Com.RePower.Ocv.Project.WuWei\Com.RePower.Ocv.Project.WuWei.csproj", "{1B3E6DF3-9946-4044-A3B5-1B63CFABD02C}"
EndProject
Project("{9A19103F-16F7-4668-BE54-9A1E7A4F7556}") = "Com.RePower.Ocv.Ui", "Uis\Com.RePower.Ocv.Ui\Com.RePower.Ocv.Ui.csproj", "{0410962C-A3C5-4592-A62B-B636DE2946D4}"
EndProject
Project("{9A19103F-16F7-4668-BE54-9A1E7A4F7556}") = "Com.RePower.Device.DMM", "Devices\Com.RePower.Device.DMM\Com.RePower.Device.DMM.csproj", "{75267FA8-80EF-4CE7-832F-583CA80DDD8E}"
EndProject
Project("{9A19103F-16F7-4668-BE54-9A1E7A4F7556}") = "Com.RePower.Ocv.Ui.WuWei", "Uis\Com.RePower.Ocv.Ui.WuWei\Com.RePower.Ocv.Ui.WuWei.csproj", "{4834F9EC-A6A8-4279-9CB4-68B703D53B42}"
EndProject
Project("{9A19103F-16F7-4668-BE54-9A1E7A4F7556}") = "Com.RePower.Device.SwitchBoard", "Devices\Com.RePower.Device.SwitchBoard\Com.RePower.Device.SwitchBoard.csproj", "{0E140178-CF68-4BB6-872F-662F87F69A3F}"
EndProject
Project("{9A19103F-16F7-4668-BE54-9A1E7A4F7556}") = "Com.RePower.Ocv.Ui.YiWei", "Uis\Com.RePower.Ocv.Ui.YiWei\Com.RePower.Ocv.Ui.YiWei.csproj", "{9DDA2F32-A867-4417-9AE1-F91875D484F6}"
EndProject
Project("{9A19103F-16F7-4668-BE54-9A1E7A4F7556}") = "Com.RePower.Ocv.Project.YiWei", "Projects\Com.RePower.Ocv.Project.YiWei\Com.RePower.Ocv.Project.YiWei.csproj", "{01E52FDC-198F-4D79-BB7E-CE320287B404}"
EndProject
Global
	GlobalSection(SolutionConfigurationPlatforms) = preSolution
		Debug|Any CPU = Debug|Any CPU
		Release|Any CPU = Release|Any CPU
	EndGlobalSection
	GlobalSection(ProjectConfigurationPlatforms) = postSolution
		{79097497-94A7-4ABD-8501-7C02960588FA}.Debug|Any CPU.ActiveCfg = Debug|Any CPU
		{79097497-94A7-4ABD-8501-7C02960588FA}.Debug|Any CPU.Build.0 = Debug|Any CPU
		{79097497-94A7-4ABD-8501-7C02960588FA}.Release|Any CPU.ActiveCfg = Release|Any CPU
		{79097497-94A7-4ABD-8501-7C02960588FA}.Release|Any CPU.Build.0 = Release|Any CPU
		{E05BB9F7-624A-415B-9A0F-D3DB9F82103A}.Debug|Any CPU.ActiveCfg = Debug|Any CPU
		{E05BB9F7-624A-415B-9A0F-D3DB9F82103A}.Debug|Any CPU.Build.0 = Debug|Any CPU
		{E05BB9F7-624A-415B-9A0F-D3DB9F82103A}.Release|Any CPU.ActiveCfg = Release|Any CPU
		{E05BB9F7-624A-415B-9A0F-D3DB9F82103A}.Release|Any CPU.Build.0 = Release|Any CPU
		{F15892D3-3FB7-4E30-8A77-242130BFB262}.Debug|Any CPU.ActiveCfg = Debug|Any CPU
		{F15892D3-3FB7-4E30-8A77-242130BFB262}.Debug|Any CPU.Build.0 = Debug|Any CPU
		{F15892D3-3FB7-4E30-8A77-242130BFB262}.Release|Any CPU.ActiveCfg = Release|Any CPU
		{F15892D3-3FB7-4E30-8A77-242130BFB262}.Release|Any CPU.Build.0 = Release|Any CPU
		{A1AE85FF-6F11-47D1-A32E-45B8A08568EB}.Debug|Any CPU.ActiveCfg = Debug|Any CPU
		{A1AE85FF-6F11-47D1-A32E-45B8A08568EB}.Debug|Any CPU.Build.0 = Debug|Any CPU
		{A1AE85FF-6F11-47D1-A32E-45B8A08568EB}.Release|Any CPU.ActiveCfg = Release|Any CPU
		{A1AE85FF-6F11-47D1-A32E-45B8A08568EB}.Release|Any CPU.Build.0 = Release|Any CPU
		{0263BBFE-F918-4FD1-B461-C57DCAE96F08}.Debug|Any CPU.ActiveCfg = Debug|Any CPU
		{0263BBFE-F918-4FD1-B461-C57DCAE96F08}.Debug|Any CPU.Build.0 = Debug|Any CPU
		{0263BBFE-F918-4FD1-B461-C57DCAE96F08}.Release|Any CPU.ActiveCfg = Release|Any CPU
		{0263BBFE-F918-4FD1-B461-C57DCAE96F08}.Release|Any CPU.Build.0 = Release|Any CPU
		{F0EF33C7-ADA9-4B74-91A3-CE155F61FD6B}.Debug|Any CPU.ActiveCfg = Debug|Any CPU
		{F0EF33C7-ADA9-4B74-91A3-CE155F61FD6B}.Debug|Any CPU.Build.0 = Debug|Any CPU
		{F0EF33C7-ADA9-4B74-91A3-CE155F61FD6B}.Release|Any CPU.ActiveCfg = Release|Any CPU
		{F0EF33C7-ADA9-4B74-91A3-CE155F61FD6B}.Release|Any CPU.Build.0 = Release|Any CPU
		{756068E8-A58D-4F59-B423-2AB6F30F2E4B}.Debug|Any CPU.ActiveCfg = Debug|Any CPU
		{756068E8-A58D-4F59-B423-2AB6F30F2E4B}.Debug|Any CPU.Build.0 = Debug|Any CPU
		{756068E8-A58D-4F59-B423-2AB6F30F2E4B}.Release|Any CPU.ActiveCfg = Release|Any CPU
		{756068E8-A58D-4F59-B423-2AB6F30F2E4B}.Release|Any CPU.Build.0 = Release|Any CPU
		{1B3E6DF3-9946-4044-A3B5-1B63CFABD02C}.Debug|Any CPU.ActiveCfg = Debug|Any CPU
		{1B3E6DF3-9946-4044-A3B5-1B63CFABD02C}.Debug|Any CPU.Build.0 = Debug|Any CPU
		{1B3E6DF3-9946-4044-A3B5-1B63CFABD02C}.Release|Any CPU.ActiveCfg = Release|Any CPU
		{1B3E6DF3-9946-4044-A3B5-1B63CFABD02C}.Release|Any CPU.Build.0 = Release|Any CPU
		{0410962C-A3C5-4592-A62B-B636DE2946D4}.Debug|Any CPU.ActiveCfg = Debug|Any CPU
		{0410962C-A3C5-4592-A62B-B636DE2946D4}.Debug|Any CPU.Build.0 = Debug|Any CPU
		{0410962C-A3C5-4592-A62B-B636DE2946D4}.Release|Any CPU.ActiveCfg = Release|Any CPU
		{0410962C-A3C5-4592-A62B-B636DE2946D4}.Release|Any CPU.Build.0 = Release|Any CPU
		{75267FA8-80EF-4CE7-832F-583CA80DDD8E}.Debug|Any CPU.ActiveCfg = Debug|Any CPU
		{75267FA8-80EF-4CE7-832F-583CA80DDD8E}.Debug|Any CPU.Build.0 = Debug|Any CPU
		{75267FA8-80EF-4CE7-832F-583CA80DDD8E}.Release|Any CPU.ActiveCfg = Release|Any CPU
		{75267FA8-80EF-4CE7-832F-583CA80DDD8E}.Release|Any CPU.Build.0 = Release|Any CPU
		{4834F9EC-A6A8-4279-9CB4-68B703D53B42}.Debug|Any CPU.ActiveCfg = Debug|Any CPU
		{4834F9EC-A6A8-4279-9CB4-68B703D53B42}.Debug|Any CPU.Build.0 = Debug|Any CPU
		{4834F9EC-A6A8-4279-9CB4-68B703D53B42}.Release|Any CPU.ActiveCfg = Release|Any CPU
		{4834F9EC-A6A8-4279-9CB4-68B703D53B42}.Release|Any CPU.Build.0 = Release|Any CPU
		{0E140178-CF68-4BB6-872F-662F87F69A3F}.Debug|Any CPU.ActiveCfg = Debug|Any CPU
		{0E140178-CF68-4BB6-872F-662F87F69A3F}.Debug|Any CPU.Build.0 = Debug|Any CPU
		{0E140178-CF68-4BB6-872F-662F87F69A3F}.Release|Any CPU.ActiveCfg = Release|Any CPU
		{0E140178-CF68-4BB6-872F-662F87F69A3F}.Release|Any CPU.Build.0 = Release|Any CPU
		{9DDA2F32-A867-4417-9AE1-F91875D484F6}.Debug|Any CPU.ActiveCfg = Debug|Any CPU
		{9DDA2F32-A867-4417-9AE1-F91875D484F6}.Debug|Any CPU.Build.0 = Debug|Any CPU
		{9DDA2F32-A867-4417-9AE1-F91875D484F6}.Release|Any CPU.ActiveCfg = Release|Any CPU
		{9DDA2F32-A867-4417-9AE1-F91875D484F6}.Release|Any CPU.Build.0 = Release|Any CPU
		{01E52FDC-198F-4D79-BB7E-CE320287B404}.Debug|Any CPU.ActiveCfg = Debug|Any CPU
		{01E52FDC-198F-4D79-BB7E-CE320287B404}.Debug|Any CPU.Build.0 = Debug|Any CPU
		{01E52FDC-198F-4D79-BB7E-CE320287B404}.Release|Any CPU.ActiveCfg = Release|Any CPU
		{01E52FDC-198F-4D79-BB7E-CE320287B404}.Release|Any CPU.Build.0 = Release|Any CPU
	EndGlobalSection
	GlobalSection(SolutionProperties) = preSolution
		HideSolutionNode = FALSE
	EndGlobalSection
	GlobalSection(NestedProjects) = preSolution
		{0263BBFE-F918-4FD1-B461-C57DCAE96F08} = {D2344D39-50A9-4723-9B04-6B7E052FCA9B}
		{F0EF33C7-ADA9-4B74-91A3-CE155F61FD6B} = {D2344D39-50A9-4723-9B04-6B7E052FCA9B}
		{756068E8-A58D-4F59-B423-2AB6F30F2E4B} = {D1BF4C82-517C-4875-968A-17870F37CDE3}
		{1B3E6DF3-9946-4044-A3B5-1B63CFABD02C} = {D1BF4C82-517C-4875-968A-17870F37CDE3}
		{0410962C-A3C5-4592-A62B-B636DE2946D4} = {1E60EEA3-AF3D-4B3C-9D10-74CF33BFB79D}
		{75267FA8-80EF-4CE7-832F-583CA80DDD8E} = {D2344D39-50A9-4723-9B04-6B7E052FCA9B}
		{4834F9EC-A6A8-4279-9CB4-68B703D53B42} = {1E60EEA3-AF3D-4B3C-9D10-74CF33BFB79D}
		{0E140178-CF68-4BB6-872F-662F87F69A3F} = {D2344D39-50A9-4723-9B04-6B7E052FCA9B}
		{9DDA2F32-A867-4417-9AE1-F91875D484F6} = {1E60EEA3-AF3D-4B3C-9D10-74CF33BFB79D}
		{01E52FDC-198F-4D79-BB7E-CE320287B404} = {D1BF4C82-517C-4875-968A-17870F37CDE3}
	EndGlobalSection
	GlobalSection(ExtensibilityGlobals) = postSolution
		SolutionGuid = {88805ACA-2D00-4E18-A293-E570B08FCE76}
	EndGlobalSection
EndGlobal
